
Microsoft Visual Studio Solution File, Format Version 12.00
# Visual Studio 15
VisualStudioVersion = 15.0.26228.9
MinimumVisualStudioVersion = 10.0.40219.1
Project("{FAE04EC0-301F-11D3-BF4B-00C04F79EFBC}") = "EasySequencer", "EasySequencer\EasySequencer.csproj", "{56F87CFB-9D65-4AD0-9DA3-6B1CE67E44E2}"
	ProjectSection(ProjectDependencies) = postProject
		{C02F7B03-BDF6-4C9D-A5D7-9863F673040A} = {C02F7B03-BDF6-4C9D-A5D7-9863F673040A}
		{ACD8074F-7B87-49C6-B2F6-A6BF518467D3} = {ACD8074F-7B87-49C6-B2F6-A6BF518467D3}
	EndProjectSection
EndProject
Project("{8BC9CEB8-8B4A-11D0-8D11-00A0C91BC942}") = "WaveOut", "WaveOut\WaveOut.vcxproj", "{ACD8074F-7B87-49C6-B2F6-A6BF518467D3}"
EndProject
Project("{8BC9CEB8-8B4A-11D0-8D11-00A0C91BC942}") = "MidiSender", "MidiSender\MidiSender.vcxproj", "{C02F7B03-BDF6-4C9D-A5D7-9863F673040A}"
EndProject
Global
	GlobalSection(SolutionConfigurationPlatforms) = preSolution
		Debug|Any CPU = Debug|Any CPU
		Debug|x64 = Debug|x64
		Debug|x86 = Debug|x86
		Release|Any CPU = Release|Any CPU
		Release|x64 = Release|x64
		Release|x86 = Release|x86
	EndGlobalSection
	GlobalSection(ProjectConfigurationPlatforms) = postSolution
		{56F87CFB-9D65-4AD0-9DA3-6B1CE67E44E2}.Debug|Any CPU.ActiveCfg = Debug|Any CPU
		{56F87CFB-9D65-4AD0-9DA3-6B1CE67E44E2}.Debug|Any CPU.Build.0 = Debug|Any CPU
		{56F87CFB-9D65-4AD0-9DA3-6B1CE67E44E2}.Debug|x64.ActiveCfg = Debug|Any CPU
		{56F87CFB-9D65-4AD0-9DA3-6B1CE67E44E2}.Debug|x64.Build.0 = Debug|Any CPU
		{56F87CFB-9D65-4AD0-9DA3-6B1CE67E44E2}.Debug|x86.ActiveCfg = Debug|Any CPU
		{56F87CFB-9D65-4AD0-9DA3-6B1CE67E44E2}.Debug|x86.Build.0 = Debug|Any CPU
		{56F87CFB-9D65-4AD0-9DA3-6B1CE67E44E2}.Release|Any CPU.ActiveCfg = Release|Any CPU
		{56F87CFB-9D65-4AD0-9DA3-6B1CE67E44E2}.Release|Any CPU.Build.0 = Release|Any CPU
		{56F87CFB-9D65-4AD0-9DA3-6B1CE67E44E2}.Release|x64.ActiveCfg = Release|Any CPU
		{56F87CFB-9D65-4AD0-9DA3-6B1CE67E44E2}.Release|x64.Build.0 = Release|Any CPU
		{56F87CFB-9D65-4AD0-9DA3-6B1CE67E44E2}.Release|x86.ActiveCfg = Release|Any CPU
		{56F87CFB-9D65-4AD0-9DA3-6B1CE67E44E2}.Release|x86.Build.0 = Release|Any CPU
		{ACD8074F-7B87-49C6-B2F6-A6BF518467D3}.Debug|Any CPU.ActiveCfg = Debug|Win32
		{ACD8074F-7B87-49C6-B2F6-A6BF518467D3}.Debug|Any CPU.Build.0 = Debug|Win32
		{ACD8074F-7B87-49C6-B2F6-A6BF518467D3}.Debug|x64.ActiveCfg = Debug|x64
		{ACD8074F-7B87-49C6-B2F6-A6BF518467D3}.Debug|x64.Build.0 = Debug|x64
		{ACD8074F-7B87-49C6-B2F6-A6BF518467D3}.Debug|x86.ActiveCfg = Debug|Win32
		{ACD8074F-7B87-49C6-B2F6-A6BF518467D3}.Debug|x86.Build.0 = Debug|Win32
		{ACD8074F-7B87-49C6-B2F6-A6BF518467D3}.Release|Any CPU.ActiveCfg = Release|Win32
		{ACD8074F-7B87-49C6-B2F6-A6BF518467D3}.Release|Any CPU.Build.0 = Release|Win32
		{ACD8074F-7B87-49C6-B2F6-A6BF518467D3}.Release|x64.ActiveCfg = Release|x64
		{ACD8074F-7B87-49C6-B2F6-A6BF518467D3}.Release|x64.Build.0 = Release|x64
		{ACD8074F-7B87-49C6-B2F6-A6BF518467D3}.Release|x86.ActiveCfg = Release|Win32
		{ACD8074F-7B87-49C6-B2F6-A6BF518467D3}.Release|x86.Build.0 = Release|Win32
		{C02F7B03-BDF6-4C9D-A5D7-9863F673040A}.Debug|Any CPU.ActiveCfg = Debug|Win32
		{C02F7B03-BDF6-4C9D-A5D7-9863F673040A}.Debug|x64.ActiveCfg = Debug|x64
		{C02F7B03-BDF6-4C9D-A5D7-9863F673040A}.Debug|x64.Build.0 = Debug|x64
		{C02F7B03-BDF6-4C9D-A5D7-9863F673040A}.Debug|x86.ActiveCfg = Debug|Win32
		{C02F7B03-BDF6-4C9D-A5D7-9863F673040A}.Debug|x86.Build.0 = Debug|Win32
		{C02F7B03-BDF6-4C9D-A5D7-9863F673040A}.Release|Any CPU.ActiveCfg = Release|Win32
		{C02F7B03-BDF6-4C9D-A5D7-9863F673040A}.Release|x64.ActiveCfg = Release|x64
		{C02F7B03-BDF6-4C9D-A5D7-9863F673040A}.Release|x64.Build.0 = Release|x64
		{C02F7B03-BDF6-4C9D-A5D7-9863F673040A}.Release|x86.ActiveCfg = Release|Win32
		{C02F7B03-BDF6-4C9D-A5D7-9863F673040A}.Release|x86.Build.0 = Release|Win32
	EndGlobalSection
	GlobalSection(SolutionProperties) = preSolution
		HideSolutionNode = FALSE
	EndGlobalSection
	GlobalSection(ExtensibilityGlobals) = postSolution
		SolutionGuid = {1C72EA3D-3607-4F13-9C64-87561B5CFE8C}
	EndGlobalSection
EndGlobal
