<?xml version="1.0" encoding="utf-8"?>
<Project ToolsVersion="4.0" xmlns="http://schemas.microsoft.com/developer/msbuild/2003">
  <ItemGroup>
    <ClCompile Include="fileout.cpp" />
    <ClCompile Include="waveout.cpp" />
    <ClCompile Include="inst\dls.cpp">
      <Filter>Inst</Filter>
    </ClCompile>
    <ClCompile Include="inst\dls_art.cpp">
      <Filter>Inst</Filter>
    </ClCompile>
    <ClCompile Include="inst\dls_ins.cpp">
      <Filter>Inst</Filter>
    </ClCompile>
    <ClCompile Include="inst\dls_rgn.cpp">
      <Filter>Inst</Filter>
    </ClCompile>
    <ClCompile Include="inst\dls_wave.cpp">
      <Filter>Inst</Filter>
    </ClCompile>
    <ClCompile Include="inst\riff_chunk.cpp">
      <Filter>Inst</Filter>
    </ClCompile>
    <ClCompile Include="inst\inst_list.cpp">
      <Filter>Inst</Filter>
    </ClCompile>
    <ClCompile Include="synth\channel.cpp">
      <Filter>Synth</Filter>
    </ClCompile>
    <ClCompile Include="synth\filter.cpp">
      <Filter>Synth</Filter>
    </ClCompile>
    <ClCompile Include="synth\sampler.cpp">
      <Filter>Synth</Filter>
    </ClCompile>
    <ClCompile Include="synth\synth.cpp">
      <Filter>Synth</Filter>
    </ClCompile>
  </ItemGroup>
  <ItemGroup>
    <ClInclude Include="fileout.h" />
    <ClInclude Include="type.h" />
    <ClInclude Include="waveout.h" />
    <ClInclude Include="inst\dls.h">
      <Filter>Inst</Filter>
    </ClInclude>
    <ClInclude Include="inst\dls_art.h">
      <Filter>Inst</Filter>
    </ClInclude>
    <ClInclude Include="inst\dls_ins.h">
      <Filter>Inst</Filter>
    </ClInclude>
    <ClInclude Include="inst\dls_rgn.h">
      <Filter>Inst</Filter>
    </ClInclude>
    <ClInclude Include="inst\dls_struct.h">
      <Filter>Inst</Filter>
    </ClInclude>
    <ClInclude Include="inst\dls_wave.h">
      <Filter>Inst</Filter>
    </ClInclude>
    <ClInclude Include="inst\riff_chunk.h">
      <Filter>Inst</Filter>
    </ClInclude>
    <ClInclude Include="inst\riff_struct.h">
      <Filter>Inst</Filter>
    </ClInclude>
    <ClInclude Include="inst\inst_list.h">
      <Filter>Inst</Filter>
    </ClInclude>
    <ClInclude Include="synth\channel.h">
      <Filter>Synth</Filter>
    </ClInclude>
    <ClInclude Include="synth\filter.h">
      <Filter>Synth</Filter>
    </ClInclude>
    <ClInclude Include="synth\sampler.h">
      <Filter>Synth</Filter>
    </ClInclude>
    <ClInclude Include="synth\synth.h">
      <Filter>Synth</Filter>
    </ClInclude>
    <ClInclude Include="synth\channel_params.h">
      <Filter>Synth</Filter>
    </ClInclude>
  </ItemGroup>
  <ItemGroup>
    <Filter Include="Inst">
      <UniqueIdentifier>{7061774c-522d-40ac-a213-5c9d767294ac}</UniqueIdentifier>
    </Filter>
    <Filter Include="Synth">
      <UniqueIdentifier>{4b568a3e-1c06-4cdf-8cac-8f0c528ddca6}</UniqueIdentifier>
    </Filter>
  </ItemGroup>
</Project>